
Microsoft Visual Studio Solution File, Format Version 11.00
# Visual Studio 2010
Project("{FAE04EC0-301F-11D3-BF4B-00C04F79EFBC}") = "Turnos", "Turnos\Turnos.csproj", "{C1ADEE1B-C90D-4D9A-981B-C77F8A1F5E4C}"
EndProject
Project("{FAE04EC0-301F-11D3-BF4B-00C04F79EFBC}") = "db4oDataHelper", "db4oDataHelper\db4oDataHelper.csproj", "{EFCC05DE-8994-42DA-9365-B21653D8B389}"
EndProject
Project("{FAE04EC0-301F-11D3-BF4B-00C04F79EFBC}") = "turnosBO", "turnosBO\turnosBO.csproj", "{73D792C5-F92A-4266-8E49-7ABF91A83A69}"
EndProject
Project("{FAE04EC0-301F-11D3-BF4B-00C04F79EFBC}") = "turnosDAO", "turnosDAO\turnosDAO.csproj", "{F48AC5D1-4157-4305-BE3A-257DDC7E10A5}"
EndProject
Project("{FAE04EC0-301F-11D3-BF4B-00C04F79EFBC}") = "turnosDTO", "turnosDTO\turnosDTO.csproj", "{DA89E535-0498-4424-96EF-0B19E52367E6}"
EndProject
Project("{FAE04EC0-301F-11D3-BF4B-00C04F79EFBC}") = "turnosTestForm", "turnosTestForm\turnosTestForm.csproj", "{08B162AA-AF2D-4F25-8D19-ED5C76E8810A}"
EndProject
Global
	GlobalSection(SolutionConfigurationPlatforms) = preSolution
		Debug|Any CPU = Debug|Any CPU
		Release|Any CPU = Release|Any CPU
	EndGlobalSection
	GlobalSection(ProjectConfigurationPlatforms) = postSolution
		{C1ADEE1B-C90D-4D9A-981B-C77F8A1F5E4C}.Debug|Any CPU.ActiveCfg = Debug|Any CPU
		{C1ADEE1B-C90D-4D9A-981B-C77F8A1F5E4C}.Debug|Any CPU.Build.0 = Debug|Any CPU
		{C1ADEE1B-C90D-4D9A-981B-C77F8A1F5E4C}.Release|Any CPU.ActiveCfg = Release|Any CPU
		{C1ADEE1B-C90D-4D9A-981B-C77F8A1F5E4C}.Release|Any CPU.Build.0 = Release|Any CPU
		{EFCC05DE-8994-42DA-9365-B21653D8B389}.Debug|Any CPU.ActiveCfg = Debug|Any CPU
		{EFCC05DE-8994-42DA-9365-B21653D8B389}.Debug|Any CPU.Build.0 = Debug|Any CPU
		{EFCC05DE-8994-42DA-9365-B21653D8B389}.Release|Any CPU.ActiveCfg = Release|Any CPU
		{EFCC05DE-8994-42DA-9365-B21653D8B389}.Release|Any CPU.Build.0 = Release|Any CPU
		{73D792C5-F92A-4266-8E49-7ABF91A83A69}.Debug|Any CPU.ActiveCfg = Debug|Any CPU
		{73D792C5-F92A-4266-8E49-7ABF91A83A69}.Debug|Any CPU.Build.0 = Debug|Any CPU
		{73D792C5-F92A-4266-8E49-7ABF91A83A69}.Release|Any CPU.ActiveCfg = Release|Any CPU
		{73D792C5-F92A-4266-8E49-7ABF91A83A69}.Release|Any CPU.Build.0 = Release|Any CPU
		{F48AC5D1-4157-4305-BE3A-257DDC7E10A5}.Debug|Any CPU.ActiveCfg = Debug|Any CPU
		{F48AC5D1-4157-4305-BE3A-257DDC7E10A5}.Debug|Any CPU.Build.0 = Debug|Any CPU
		{F48AC5D1-4157-4305-BE3A-257DDC7E10A5}.Release|Any CPU.ActiveCfg = Release|Any CPU
		{F48AC5D1-4157-4305-BE3A-257DDC7E10A5}.Release|Any CPU.Build.0 = Release|Any CPU
		{DA89E535-0498-4424-96EF-0B19E52367E6}.Debug|Any CPU.ActiveCfg = Debug|Any CPU
		{DA89E535-0498-4424-96EF-0B19E52367E6}.Debug|Any CPU.Build.0 = Debug|Any CPU
		{DA89E535-0498-4424-96EF-0B19E52367E6}.Release|Any CPU.ActiveCfg = Release|Any CPU
		{DA89E535-0498-4424-96EF-0B19E52367E6}.Release|Any CPU.Build.0 = Release|Any CPU
		{08B162AA-AF2D-4F25-8D19-ED5C76E8810A}.Debug|Any CPU.ActiveCfg = Debug|Any CPU
		{08B162AA-AF2D-4F25-8D19-ED5C76E8810A}.Debug|Any CPU.Build.0 = Debug|Any CPU
		{08B162AA-AF2D-4F25-8D19-ED5C76E8810A}.Release|Any CPU.ActiveCfg = Release|Any CPU
		{08B162AA-AF2D-4F25-8D19-ED5C76E8810A}.Release|Any CPU.Build.0 = Release|Any CPU
	EndGlobalSection
	GlobalSection(SolutionProperties) = preSolution
		HideSolutionNode = FALSE
	EndGlobalSection
EndGlobal
